
Microsoft Visual Studio Solution File, Format Version 12.00
# Visual Studio Version 16
VisualStudioVersion = 16.0.30711.63
MinimumVisualStudioVersion = 10.0.40219.1
Project("{9A19103F-16F7-4668-BE54-9A1E7A4F7556}") = "TrackMyStuff", "TrackMyStuffApp\TrackMyStuff.csproj", "{A8FFDB75-507E-49DF-BF76-30C29B110C75}"
EndProject
Project("{FAE04EC0-301F-11D3-BF4B-00C04F79EFBC}") = "EFDataAccessLib", "EFDataAccessLib\EFDataAccessLib.csproj", "{80F1211B-C35C-404D-AB21-493D82CA86CE}"
EndProject
Global
	GlobalSection(SolutionConfigurationPlatforms) = preSolution
		Debug|Any CPU = Debug|Any CPU
		Release|Any CPU = Release|Any CPU
	EndGlobalSection
	GlobalSection(ProjectConfigurationPlatforms) = postSolution
		{A8FFDB75-507E-49DF-BF76-30C29B110C75}.Debug|Any CPU.ActiveCfg = Debug|Any CPU
		{A8FFDB75-507E-49DF-BF76-30C29B110C75}.Debug|Any CPU.Build.0 = Debug|Any CPU
		{A8FFDB75-507E-49DF-BF76-30C29B110C75}.Release|Any CPU.ActiveCfg = Release|Any CPU
		{A8FFDB75-507E-49DF-BF76-30C29B110C75}.Release|Any CPU.Build.0 = Release|Any CPU
		{80F1211B-C35C-404D-AB21-493D82CA86CE}.Debug|Any CPU.ActiveCfg = Debug|Any CPU
		{80F1211B-C35C-404D-AB21-493D82CA86CE}.Debug|Any CPU.Build.0 = Debug|Any CPU
		{80F1211B-C35C-404D-AB21-493D82CA86CE}.Release|Any CPU.ActiveCfg = Release|Any CPU
		{80F1211B-C35C-404D-AB21-493D82CA86CE}.Release|Any CPU.Build.0 = Release|Any CPU
	EndGlobalSection
	GlobalSection(SolutionProperties) = preSolution
		HideSolutionNode = FALSE
	EndGlobalSection
	GlobalSection(ExtensibilityGlobals) = postSolution
		SolutionGuid = {2BF27FCA-D205-4B3E-A90E-912DD13E78A7}
	EndGlobalSection
EndGlobal
